
Microsoft Visual Studio Solution File, Format Version 12.00
# Visual Studio Version 16
VisualStudioVersion = 16.0.29306.81
MinimumVisualStudioVersion = 10.0.40219.1
Project("{FAE04EC0-301F-11D3-BF4B-00C04F79EFBC}") = "App.HttpApi", "App.HttpApi\App.HttpApi.csproj", "{F74D6B50-EF4D-4521-A7D5-D5CAC6422F24}"
EndProject
Project("{FAE04EC0-301F-11D3-BF4B-00C04F79EFBC}") = "App.HttpApi.Test", "App.HttpApi.Test\App.HttpApi.Test.csproj", "{1D132C72-95C0-4401-B2E3-19039D6EB0C3}"
EndProject
Project("{2150E333-8FDC-42A3-9474-1A3956D46DE8}") = "Solution Items", "Solution Items", "{DD772976-24A5-4C80-BBBD-655F00B8F1C2}"
	ProjectSection(SolutionItems) = preProject
		README.md = README.md
		Task.txt = Task.txt
	EndProjectSection
EndProject
Global
	GlobalSection(SolutionConfigurationPlatforms) = preSolution
		Debug|Any CPU = Debug|Any CPU
		Debug|x86 = Debug|x86
		Release|Any CPU = Release|Any CPU
		Release|x86 = Release|x86
	EndGlobalSection
	GlobalSection(ProjectConfigurationPlatforms) = postSolution
		{F74D6B50-EF4D-4521-A7D5-D5CAC6422F24}.Debug|Any CPU.ActiveCfg = Debug|Any CPU
		{F74D6B50-EF4D-4521-A7D5-D5CAC6422F24}.Debug|Any CPU.Build.0 = Debug|Any CPU
		{F74D6B50-EF4D-4521-A7D5-D5CAC6422F24}.Debug|x86.ActiveCfg = Debug|Any CPU
		{F74D6B50-EF4D-4521-A7D5-D5CAC6422F24}.Release|Any CPU.ActiveCfg = Release|Any CPU
		{F74D6B50-EF4D-4521-A7D5-D5CAC6422F24}.Release|Any CPU.Build.0 = Release|Any CPU
		{F74D6B50-EF4D-4521-A7D5-D5CAC6422F24}.Release|x86.ActiveCfg = Release|Any CPU
		{1D132C72-95C0-4401-B2E3-19039D6EB0C3}.Debug|Any CPU.ActiveCfg = Debug|Any CPU
		{1D132C72-95C0-4401-B2E3-19039D6EB0C3}.Debug|Any CPU.Build.0 = Debug|Any CPU
		{1D132C72-95C0-4401-B2E3-19039D6EB0C3}.Debug|x86.ActiveCfg = Debug|Any CPU
		{1D132C72-95C0-4401-B2E3-19039D6EB0C3}.Release|Any CPU.ActiveCfg = Release|Any CPU
		{1D132C72-95C0-4401-B2E3-19039D6EB0C3}.Release|Any CPU.Build.0 = Release|Any CPU
		{1D132C72-95C0-4401-B2E3-19039D6EB0C3}.Release|x86.ActiveCfg = Release|Any CPU
	EndGlobalSection
	GlobalSection(SolutionProperties) = preSolution
		HideSolutionNode = FALSE
	EndGlobalSection
	GlobalSection(ExtensibilityGlobals) = postSolution
		SolutionGuid = {9415A69D-02F7-4D43-9C3A-9DA3B420B86A}
	EndGlobalSection
EndGlobal
